
Microsoft Visual Studio Solution File, Format Version 12.00
# Visual Studio Version 16
VisualStudioVersion = 16.0.30804.86
MinimumVisualStudioVersion = 10.0.40219.1
Project("{FAE04EC0-301F-11D3-BF4B-00C04F79EFBC}") = "ProjetElectiveClientLourdCS", "ProjetElectiveClientLourdCS.csproj", "{83465137-DFF4-4AE0-B107-6507B8F47C62}"
EndProject
Global
	GlobalSection(SolutionConfigurationPlatforms) = preSolution
		Debug|Any CPU = Debug|Any CPU
		Release|Any CPU = Release|Any CPU
	EndGlobalSection
	GlobalSection(ProjectConfigurationPlatforms) = postSolution
		{83465137-DFF4-4AE0-B107-6507B8F47C62}.Debug|Any CPU.ActiveCfg = Debug|Any CPU
		{83465137-DFF4-4AE0-B107-6507B8F47C62}.Debug|Any CPU.Build.0 = Debug|Any CPU
		{83465137-DFF4-4AE0-B107-6507B8F47C62}.Release|Any CPU.ActiveCfg = Release|Any CPU
		{83465137-DFF4-4AE0-B107-6507B8F47C62}.Release|Any CPU.Build.0 = Release|Any CPU
	EndGlobalSection
	GlobalSection(SolutionProperties) = preSolution
		HideSolutionNode = FALSE
	EndGlobalSection
	GlobalSection(ExtensibilityGlobals) = postSolution
		SolutionGuid = {4697958B-4B04-49D8-898B-37983E152FA8}
	EndGlobalSection
EndGlobal
